# THIS IS AN AUTOGENERATED FILE. DO NOT EDIT THIS FILE DIRECTLY.
# yarn lockfile v1


cookies@0.1.x:
  version "0.1.6"
  resolved "https://registry.yarnpkg.com/cookies/-/cookies-0.1.6.tgz#2129588b8b1e382ffba990d9f9cf9ddf2c142846"
  integrity sha1-ISlYi4seOC/7qZDZ+c+d3ywUKEY=

keygrip@0.2.x:
  version "0.2.4"
  resolved "https://registry.yarnpkg.com/keygrip/-/keygrip-0.2.4.tgz#9dd1b2e485a1162c9d4e6f787de87fc50f87bc58"
  integrity sha1-ndGy5IWhFiydTm94feh/xQ+HvFg=

ntwitter@0.5.0:
  version "0.5.0"
  resolved "https://registry.yarnpkg.com/ntwitter/-/ntwitter-0.5.0.tgz#30c40105f82432fa8956a4f7655de932af631534"
  integrity sha1-MMQBBfgkMvqJVqT3ZV3pMq9jFTQ=
  dependencies:
    cookies "0.1.x"
    keygrip "0.2.x"
    oauth ">=0.8.4"

oauth@>=0.8.4:
  version "0.9.15"
  resolved "https://registry.yarnpkg.com/oauth/-/oauth-0.9.15.tgz#bd1fefaf686c96b75475aed5196412ff60cfb9c1"
  integrity sha1-vR/vr2hslrdUda7VGWQS/2DPucE=
